
Microsoft Visual Studio Solution File, Format Version 12.00
# Visual Studio Version 16
VisualStudioVersion = 16.0.30621.155
MinimumVisualStudioVersion = 10.0.40219.1
Project("{FAE04EC0-301F-11D3-BF4B-00C04F79EFBC}") = "FormsExercício1", "FormsExercício1\FormsExercício1.csproj", "{331895FC-6B80-4D3F-A377-A031B116C7C2}"
EndProject
Global
	GlobalSection(SolutionConfigurationPlatforms) = preSolution
		Debug|Any CPU = Debug|Any CPU
		Release|Any CPU = Release|Any CPU
	EndGlobalSection
	GlobalSection(ProjectConfigurationPlatforms) = postSolution
		{331895FC-6B80-4D3F-A377-A031B116C7C2}.Debug|Any CPU.ActiveCfg = Debug|Any CPU
		{331895FC-6B80-4D3F-A377-A031B116C7C2}.Debug|Any CPU.Build.0 = Debug|Any CPU
		{331895FC-6B80-4D3F-A377-A031B116C7C2}.Release|Any CPU.ActiveCfg = Release|Any CPU
		{331895FC-6B80-4D3F-A377-A031B116C7C2}.Release|Any CPU.Build.0 = Release|Any CPU
	EndGlobalSection
	GlobalSection(SolutionProperties) = preSolution
		HideSolutionNode = FALSE
	EndGlobalSection
	GlobalSection(ExtensibilityGlobals) = postSolution
		SolutionGuid = {BA8EC8C4-5489-4D20-BDF1-0629B77FD97F}
	EndGlobalSection
EndGlobal
